
Microsoft Visual Studio Solution File, Format Version 12.00
# Visual Studio Version 16
VisualStudioVersion = 16.0.33214.272
MinimumVisualStudioVersion = 10.0.40219.1
Project("{2150E333-8FDC-42A3-9474-1A3956D46DE8}") = "Services", "Services", "{4D99F75C-E0BE-43DB-9DE0-B6A01B0293BB}"
EndProject
Project("{2150E333-8FDC-42A3-9474-1A3956D46DE8}") = "Catalog", "Catalog", "{76A86945-88BA-4F2F-BD8D-005704DC8512}"
	ProjectSection(SolutionItems) = preProject
		AboutCatalogService.txt = AboutCatalogService.txt
	EndProjectSection
EndProject
Project("{9A19103F-16F7-4668-BE54-9A1E7A4F7556}") = "Catalog.API", "Services\Catalog\Catalog.API\Catalog.API.csproj", "{726BFB0E-E62F-4F61-89B8-DB9D8539EC10}"
EndProject
Project("{E53339B2-1760-4266-BCC7-CA923CBCF16C}") = "docker-compose", "docker-compose.dcproj", "{E57C383F-AD8E-4F27-BC8E-19022394A9B6}"
EndProject
Project("{FAE04EC0-301F-11D3-BF4B-00C04F79EFBC}") = "Basket.Api", "Services\Basket\Basket.Api\Basket.Api.csproj", "{EE6F8B57-7B96-4AC5-BE5F-F54E7481F4FF}"
EndProject
Project("{2150E333-8FDC-42A3-9474-1A3956D46DE8}") = "Basket", "Basket", "{9748B0B4-B480-4D0D-9166-ACABA52EB0A6}"
EndProject
Global
	GlobalSection(SolutionConfigurationPlatforms) = preSolution
		Debug|Any CPU = Debug|Any CPU
		Release|Any CPU = Release|Any CPU
	EndGlobalSection
	GlobalSection(ProjectConfigurationPlatforms) = postSolution
		{726BFB0E-E62F-4F61-89B8-DB9D8539EC10}.Debug|Any CPU.ActiveCfg = Debug|Any CPU
		{726BFB0E-E62F-4F61-89B8-DB9D8539EC10}.Debug|Any CPU.Build.0 = Debug|Any CPU
		{726BFB0E-E62F-4F61-89B8-DB9D8539EC10}.Release|Any CPU.ActiveCfg = Release|Any CPU
		{726BFB0E-E62F-4F61-89B8-DB9D8539EC10}.Release|Any CPU.Build.0 = Release|Any CPU
		{E57C383F-AD8E-4F27-BC8E-19022394A9B6}.Debug|Any CPU.ActiveCfg = Debug|Any CPU
		{E57C383F-AD8E-4F27-BC8E-19022394A9B6}.Debug|Any CPU.Build.0 = Debug|Any CPU
		{E57C383F-AD8E-4F27-BC8E-19022394A9B6}.Release|Any CPU.ActiveCfg = Release|Any CPU
		{E57C383F-AD8E-4F27-BC8E-19022394A9B6}.Release|Any CPU.Build.0 = Release|Any CPU
		{EE6F8B57-7B96-4AC5-BE5F-F54E7481F4FF}.Debug|Any CPU.ActiveCfg = Debug|Any CPU
		{EE6F8B57-7B96-4AC5-BE5F-F54E7481F4FF}.Debug|Any CPU.Build.0 = Debug|Any CPU
		{EE6F8B57-7B96-4AC5-BE5F-F54E7481F4FF}.Release|Any CPU.ActiveCfg = Release|Any CPU
		{EE6F8B57-7B96-4AC5-BE5F-F54E7481F4FF}.Release|Any CPU.Build.0 = Release|Any CPU
	EndGlobalSection
	GlobalSection(SolutionProperties) = preSolution
		HideSolutionNode = FALSE
	EndGlobalSection
	GlobalSection(NestedProjects) = preSolution
		{76A86945-88BA-4F2F-BD8D-005704DC8512} = {4D99F75C-E0BE-43DB-9DE0-B6A01B0293BB}
		{726BFB0E-E62F-4F61-89B8-DB9D8539EC10} = {76A86945-88BA-4F2F-BD8D-005704DC8512}
		{EE6F8B57-7B96-4AC5-BE5F-F54E7481F4FF} = {9748B0B4-B480-4D0D-9166-ACABA52EB0A6}
		{9748B0B4-B480-4D0D-9166-ACABA52EB0A6} = {4D99F75C-E0BE-43DB-9DE0-B6A01B0293BB}
	EndGlobalSection
	GlobalSection(ExtensibilityGlobals) = postSolution
		SolutionGuid = {8938A63C-0F6D-493F-A113-45E1DC6C9DFE}
	EndGlobalSection
EndGlobal
